schema: '2.0'
stages:
  load_data:
    cmd: python src/component/data_ingestion.py --config=params.yaml
    deps:
    - path: 
        https://archive.ics.uci.edu/ml/machine-learning-databases/wine-quality/winequality-red.csv
      hash: md5
      checksum: '228052240812269045947815860024335364624'
    - path: src/utility.py
      hash: md5
      md5: eef6d360db6a8f683dd23caa8a70f8f9
      size: 714
    outs:
    - path: artifacts/data/test.csv
      hash: md5
      md5: c73612b8cdf1d271e53803b0b774bc45
      size: 1064
    - path: artifacts/data/train.csv
      hash: md5
      md5: 9758e59061834fbd84b52ca77bfc9efb
      size: 85568
    - path: artifacts/data/val.csv
      hash: md5
      md5: cfa3ef808c9643704ef8ad942d9aa94e
      size: 5659
    - path: artifacts/data/wine_quality.csv
      hash: md5
      md5: 7d814a1bda02145efe703f4e1c01847a
      size: 91999
  training:
    cmd: python src/pipeline/training.py --config=params.yaml
    deps:
    - path: artifacts/data/test.csv
      hash: md5
      md5: c73612b8cdf1d271e53803b0b774bc45
      size: 1064
    - path: artifacts/data/train.csv
      hash: md5
      md5: 9758e59061834fbd84b52ca77bfc9efb
      size: 85568
    - path: src/utility.py
      hash: md5
      md5: eef6d360db6a8f683dd23caa8a70f8f9
      size: 714
    params:
      params.yaml:
        estimators.ElasticNet.params.alpha: 0.9
        estimators.ElasticNet.params.l1_ratio: 0.4
    outs:
    - path: artifacts/model/wime_model.pkl
      hash: md5
      md5: b1ce03a32e6eb9d4b3d4918e3af81c2c
      size: 704
